
Microsoft Visual Studio Solution File, Format Version 11.00
# Visual Studio 2010
Project("{FAE04EC0-301F-11D3-BF4B-00C04F79EFBC}") = "Robotic_arm", "Assembly-CSharp.csproj", "{C602D498-B26B-F44A-BEDE-CC8898AEEF43}"
EndProject
Project("{FAE04EC0-301F-11D3-BF4B-00C04F79EFBC}") = "Robotic_arm", "Assembly-CSharp-Editor.csproj", "{08EE2F78-370B-7729-7D58-8D4F5228C4FE}"
EndProject
Global
	GlobalSection(SolutionConfigurationPlatforms) = preSolution
		Debug|Any CPU = Debug|Any CPU
		Release|Any CPU = Release|Any CPU
	EndGlobalSection
	GlobalSection(ProjectConfigurationPlatforms) = postSolution
		{C602D498-B26B-F44A-BEDE-CC8898AEEF43}.Debug|Any CPU.ActiveCfg = Debug|Any CPU
		{C602D498-B26B-F44A-BEDE-CC8898AEEF43}.Debug|Any CPU.Build.0 = Debug|Any CPU
		{C602D498-B26B-F44A-BEDE-CC8898AEEF43}.Release|Any CPU.ActiveCfg = Release|Any CPU
		{C602D498-B26B-F44A-BEDE-CC8898AEEF43}.Release|Any CPU.Build.0 = Release|Any CPU
		{08EE2F78-370B-7729-7D58-8D4F5228C4FE}.Debug|Any CPU.ActiveCfg = Debug|Any CPU
		{08EE2F78-370B-7729-7D58-8D4F5228C4FE}.Debug|Any CPU.Build.0 = Debug|Any CPU
		{08EE2F78-370B-7729-7D58-8D4F5228C4FE}.Release|Any CPU.ActiveCfg = Release|Any CPU
		{08EE2F78-370B-7729-7D58-8D4F5228C4FE}.Release|Any CPU.Build.0 = Release|Any CPU
	EndGlobalSection
	GlobalSection(SolutionProperties) = preSolution
		HideSolutionNode = FALSE
	EndGlobalSection
	GlobalSection(MonoDevelopProperties) = preSolution
		StartupItem = Assembly-CSharp.csproj
	EndGlobalSection
EndGlobal
